
Microsoft Visual Studio Solution File, Format Version 12.00
# Visual Studio Version 17
VisualStudioVersion = 17.8.34330.188
MinimumVisualStudioVersion = 10.0.40219.1
Project("{FAE04EC0-301F-11D3-BF4B-00C04F79EFBC}") = "ProductInventoryManager.Server", "ProductInventoryManager.Server\ProductInventoryManager.Server.csproj", "{C18C13AC-BE89-44A5-8DCE-1F5D9C8BA962}"
EndProject
Project("{54A90642-561A-4BB1-A94E-469ADEE60C69}") = "productinventorymanager.client", "productinventorymanager.client\productinventorymanager.client.esproj", "{8C47AD81-0CEB-4E4C-BEE7-B3CFD76075D9}"
EndProject
Global
	GlobalSection(SolutionConfigurationPlatforms) = preSolution
		Debug|Any CPU = Debug|Any CPU
		Release|Any CPU = Release|Any CPU
	EndGlobalSection
	GlobalSection(ProjectConfigurationPlatforms) = postSolution
		{C18C13AC-BE89-44A5-8DCE-1F5D9C8BA962}.Debug|Any CPU.ActiveCfg = Debug|Any CPU
		{C18C13AC-BE89-44A5-8DCE-1F5D9C8BA962}.Debug|Any CPU.Build.0 = Debug|Any CPU
		{C18C13AC-BE89-44A5-8DCE-1F5D9C8BA962}.Release|Any CPU.ActiveCfg = Release|Any CPU
		{C18C13AC-BE89-44A5-8DCE-1F5D9C8BA962}.Release|Any CPU.Build.0 = Release|Any CPU
		{8C47AD81-0CEB-4E4C-BEE7-B3CFD76075D9}.Debug|Any CPU.ActiveCfg = Debug|Any CPU
		{8C47AD81-0CEB-4E4C-BEE7-B3CFD76075D9}.Debug|Any CPU.Build.0 = Debug|Any CPU
		{8C47AD81-0CEB-4E4C-BEE7-B3CFD76075D9}.Debug|Any CPU.Deploy.0 = Debug|Any CPU
		{8C47AD81-0CEB-4E4C-BEE7-B3CFD76075D9}.Release|Any CPU.ActiveCfg = Release|Any CPU
		{8C47AD81-0CEB-4E4C-BEE7-B3CFD76075D9}.Release|Any CPU.Build.0 = Release|Any CPU
		{8C47AD81-0CEB-4E4C-BEE7-B3CFD76075D9}.Release|Any CPU.Deploy.0 = Release|Any CPU
	EndGlobalSection
	GlobalSection(SolutionProperties) = preSolution
		HideSolutionNode = FALSE
	EndGlobalSection
	GlobalSection(ExtensibilityGlobals) = postSolution
		SolutionGuid = {F284016A-AC2C-4DBA-A577-98D53EC903F0}
	EndGlobalSection
EndGlobal
